
Microsoft Visual Studio Solution File, Format Version 12.00
# Visual Studio Version 16
VisualStudioVersion = 16.0.30717.126
MinimumVisualStudioVersion = 10.0.40219.1
Project("{FAE04EC0-301F-11D3-BF4B-00C04F79EFBC}") = "ProvaTriangoli", "ProvaTriangoli\ProvaTriangoli.csproj", "{D356788B-AD1C-4873-8D0F-5A84733BB59D}"
EndProject
Project("{FAE04EC0-301F-11D3-BF4B-00C04F79EFBC}") = "MetodiTriangoli", "MetodiTriangoli\MetodiTriangoli.csproj", "{10E71825-2125-42AE-B2A7-8CDAD35D475D}"
EndProject
Global
	GlobalSection(SolutionConfigurationPlatforms) = preSolution
		Debug|Any CPU = Debug|Any CPU
		Release|Any CPU = Release|Any CPU
	EndGlobalSection
	GlobalSection(ProjectConfigurationPlatforms) = postSolution
		{D356788B-AD1C-4873-8D0F-5A84733BB59D}.Debug|Any CPU.ActiveCfg = Debug|Any CPU
		{D356788B-AD1C-4873-8D0F-5A84733BB59D}.Debug|Any CPU.Build.0 = Debug|Any CPU
		{D356788B-AD1C-4873-8D0F-5A84733BB59D}.Release|Any CPU.ActiveCfg = Release|Any CPU
		{D356788B-AD1C-4873-8D0F-5A84733BB59D}.Release|Any CPU.Build.0 = Release|Any CPU
		{10E71825-2125-42AE-B2A7-8CDAD35D475D}.Debug|Any CPU.ActiveCfg = Debug|Any CPU
		{10E71825-2125-42AE-B2A7-8CDAD35D475D}.Debug|Any CPU.Build.0 = Debug|Any CPU
		{10E71825-2125-42AE-B2A7-8CDAD35D475D}.Release|Any CPU.ActiveCfg = Release|Any CPU
		{10E71825-2125-42AE-B2A7-8CDAD35D475D}.Release|Any CPU.Build.0 = Release|Any CPU
	EndGlobalSection
	GlobalSection(SolutionProperties) = preSolution
		HideSolutionNode = FALSE
	EndGlobalSection
	GlobalSection(ExtensibilityGlobals) = postSolution
		SolutionGuid = {48D59275-F713-42A5-849C-03580972C815}
	EndGlobalSection
EndGlobal
